
Microsoft Visual Studio Solution File, Format Version 12.00
# Visual Studio 15
VisualStudioVersion = 15.0.28307.438
MinimumVisualStudioVersion = 10.0.40219.1
Project("{FAE04EC0-301F-11D3-BF4B-00C04F79EFBC}") = "HtmlMeSomething", "HtmlMeSomething\HtmlMeSomething.csproj", "{C13D8CF2-1484-416F-AEEC-F2760B044B85}"
EndProject
Global
	GlobalSection(SolutionConfigurationPlatforms) = preSolution
		Debug|Any CPU = Debug|Any CPU
		Release|Any CPU = Release|Any CPU
	EndGlobalSection
	GlobalSection(ProjectConfigurationPlatforms) = postSolution
		{C13D8CF2-1484-416F-AEEC-F2760B044B85}.Debug|Any CPU.ActiveCfg = Debug|Any CPU
		{C13D8CF2-1484-416F-AEEC-F2760B044B85}.Debug|Any CPU.Build.0 = Debug|Any CPU
		{C13D8CF2-1484-416F-AEEC-F2760B044B85}.Release|Any CPU.ActiveCfg = Release|Any CPU
		{C13D8CF2-1484-416F-AEEC-F2760B044B85}.Release|Any CPU.Build.0 = Release|Any CPU
	EndGlobalSection
	GlobalSection(SolutionProperties) = preSolution
		HideSolutionNode = FALSE
	EndGlobalSection
	GlobalSection(ExtensibilityGlobals) = postSolution
		SolutionGuid = {4A926701-2C6A-47A8-816F-B1F5810A3F22}
	EndGlobalSection
EndGlobal
